
Microsoft Visual Studio Solution File, Format Version 12.00
# Visual Studio Version 16
VisualStudioVersion = 16.0.30309.148
MinimumVisualStudioVersion = 10.0.40219.1
Project("{2150E333-8FDC-42A3-9474-1A3956D46DE8}") = "Microservices", "Microservices", "{30BF15F8-A523-4BEC-86A7-B6924DC03F71}"
EndProject
Project("{2150E333-8FDC-42A3-9474-1A3956D46DE8}") = "Domain", "Domain", "{953860E4-7EA0-442C-ACE0-8F0BD46ACCCC}"
EndProject
Project("{2150E333-8FDC-42A3-9474-1A3956D46DE8}") = "Infra.Bus", "Infra.Bus", "{49202227-B4C8-4248-8DD8-18D90DDDBC33}"
EndProject
Project("{2150E333-8FDC-42A3-9474-1A3956D46DE8}") = "Infra.Ioc", "Infra.Ioc", "{39367350-38FC-4A8F-B644-DE0B34BDD946}"
EndProject
Project("{2150E333-8FDC-42A3-9474-1A3956D46DE8}") = "Presentation", "Presentation", "{7BF444E7-B659-4B82-9F15-63BD75D5AFCE}"
EndProject
Project("{FAE04EC0-301F-11D3-BF4B-00C04F79EFBC}") = "MicroRabbit.Domain.Core", "MicroRabbit.Domain.Core\MicroRabbit.Domain.Core.csproj", "{37F6308C-5D2D-435A-B52B-7B00C363EA72}"
EndProject
Project("{FAE04EC0-301F-11D3-BF4B-00C04F79EFBC}") = "MicroRabbit.Infra.Bus", "MicroRabbit.Infra.Bus\MicroRabbit.Infra.Bus.csproj", "{A3251DBF-F997-4AE9-9F4D-7E340C759ADC}"
EndProject
Project("{FAE04EC0-301F-11D3-BF4B-00C04F79EFBC}") = "MicroRabbit.Infra.IoC", "MicroRabbit.Infra.IoC\MicroRabbit.Infra.IoC.csproj", "{1A1AF479-4231-4679-80BE-7822A76C85D6}"
EndProject
Project("{2150E333-8FDC-42A3-9474-1A3956D46DE8}") = "Banking", "Banking", "{E07CBCC4-0600-4A8A-9C6D-8F170899EB5E}"
EndProject
Project("{2150E333-8FDC-42A3-9474-1A3956D46DE8}") = "Api", "Api", "{DEF5A5C6-EF89-4772-A516-68BF087C0F03}"
EndProject
Project("{2150E333-8FDC-42A3-9474-1A3956D46DE8}") = "Application", "Application", "{195062BE-16F0-4CF6-9D5A-604DDE0B1B64}"
EndProject
Project("{2150E333-8FDC-42A3-9474-1A3956D46DE8}") = "Data", "Data", "{552CE5C4-05EF-4CD5-A3FB-D766EB45831E}"
EndProject
Project("{2150E333-8FDC-42A3-9474-1A3956D46DE8}") = "Domain", "Domain", "{A105166F-4745-4403-A01C-65934F573741}"
EndProject
Project("{FAE04EC0-301F-11D3-BF4B-00C04F79EFBC}") = "MicroRabbit.Banking.Api", "MicroRabbit.Banking.Api\MicroRabbit.Banking.Api.csproj", "{32A4E2CC-5853-4DED-A301-853350F66570}"
EndProject
Project("{FAE04EC0-301F-11D3-BF4B-00C04F79EFBC}") = "MicroRabbit.Banking.Application", "MicroRabbit.Banking.Application\MicroRabbit.Banking.Application.csproj", "{78D34AD0-D2D5-4DAF-B32F-A267BF9099E1}"
EndProject
Project("{FAE04EC0-301F-11D3-BF4B-00C04F79EFBC}") = "MicroRabbit.Banking.Data", "MicroRabbit.Banking.Data\MicroRabbit.Banking.Data.csproj", "{776189B0-DCB6-4595-8B90-0515C38A8BE3}"
EndProject
Project("{FAE04EC0-301F-11D3-BF4B-00C04F79EFBC}") = "MicroRabbit.Banking.Domain", "MicroRabbit.Banking.Domain\MicroRabbit.Banking.Domain.csproj", "{2AC2EC0F-2C00-44D8-B777-8894FC953A83}"
EndProject
Global
	GlobalSection(SolutionConfigurationPlatforms) = preSolution
		Debug|Any CPU = Debug|Any CPU
		Release|Any CPU = Release|Any CPU
	EndGlobalSection
	GlobalSection(ProjectConfigurationPlatforms) = postSolution
		{37F6308C-5D2D-435A-B52B-7B00C363EA72}.Debug|Any CPU.ActiveCfg = Debug|Any CPU
		{37F6308C-5D2D-435A-B52B-7B00C363EA72}.Debug|Any CPU.Build.0 = Debug|Any CPU
		{37F6308C-5D2D-435A-B52B-7B00C363EA72}.Release|Any CPU.ActiveCfg = Release|Any CPU
		{37F6308C-5D2D-435A-B52B-7B00C363EA72}.Release|Any CPU.Build.0 = Release|Any CPU
		{A3251DBF-F997-4AE9-9F4D-7E340C759ADC}.Debug|Any CPU.ActiveCfg = Debug|Any CPU
		{A3251DBF-F997-4AE9-9F4D-7E340C759ADC}.Debug|Any CPU.Build.0 = Debug|Any CPU
		{A3251DBF-F997-4AE9-9F4D-7E340C759ADC}.Release|Any CPU.ActiveCfg = Release|Any CPU
		{A3251DBF-F997-4AE9-9F4D-7E340C759ADC}.Release|Any CPU.Build.0 = Release|Any CPU
		{1A1AF479-4231-4679-80BE-7822A76C85D6}.Debug|Any CPU.ActiveCfg = Debug|Any CPU
		{1A1AF479-4231-4679-80BE-7822A76C85D6}.Debug|Any CPU.Build.0 = Debug|Any CPU
		{1A1AF479-4231-4679-80BE-7822A76C85D6}.Release|Any CPU.ActiveCfg = Release|Any CPU
		{1A1AF479-4231-4679-80BE-7822A76C85D6}.Release|Any CPU.Build.0 = Release|Any CPU
		{32A4E2CC-5853-4DED-A301-853350F66570}.Debug|Any CPU.ActiveCfg = Debug|Any CPU
		{32A4E2CC-5853-4DED-A301-853350F66570}.Debug|Any CPU.Build.0 = Debug|Any CPU
		{32A4E2CC-5853-4DED-A301-853350F66570}.Release|Any CPU.ActiveCfg = Release|Any CPU
		{32A4E2CC-5853-4DED-A301-853350F66570}.Release|Any CPU.Build.0 = Release|Any CPU
		{78D34AD0-D2D5-4DAF-B32F-A267BF9099E1}.Debug|Any CPU.ActiveCfg = Debug|Any CPU
		{78D34AD0-D2D5-4DAF-B32F-A267BF9099E1}.Debug|Any CPU.Build.0 = Debug|Any CPU
		{78D34AD0-D2D5-4DAF-B32F-A267BF9099E1}.Release|Any CPU.ActiveCfg = Release|Any CPU
		{78D34AD0-D2D5-4DAF-B32F-A267BF9099E1}.Release|Any CPU.Build.0 = Release|Any CPU
		{776189B0-DCB6-4595-8B90-0515C38A8BE3}.Debug|Any CPU.ActiveCfg = Debug|Any CPU
		{776189B0-DCB6-4595-8B90-0515C38A8BE3}.Debug|Any CPU.Build.0 = Debug|Any CPU
		{776189B0-DCB6-4595-8B90-0515C38A8BE3}.Release|Any CPU.ActiveCfg = Release|Any CPU
		{776189B0-DCB6-4595-8B90-0515C38A8BE3}.Release|Any CPU.Build.0 = Release|Any CPU
		{2AC2EC0F-2C00-44D8-B777-8894FC953A83}.Debug|Any CPU.ActiveCfg = Debug|Any CPU
		{2AC2EC0F-2C00-44D8-B777-8894FC953A83}.Debug|Any CPU.Build.0 = Debug|Any CPU
		{2AC2EC0F-2C00-44D8-B777-8894FC953A83}.Release|Any CPU.ActiveCfg = Release|Any CPU
		{2AC2EC0F-2C00-44D8-B777-8894FC953A83}.Release|Any CPU.Build.0 = Release|Any CPU
	EndGlobalSection
	GlobalSection(SolutionProperties) = preSolution
		HideSolutionNode = FALSE
	EndGlobalSection
	GlobalSection(NestedProjects) = preSolution
		{37F6308C-5D2D-435A-B52B-7B00C363EA72} = {953860E4-7EA0-442C-ACE0-8F0BD46ACCCC}
		{A3251DBF-F997-4AE9-9F4D-7E340C759ADC} = {49202227-B4C8-4248-8DD8-18D90DDDBC33}
		{1A1AF479-4231-4679-80BE-7822A76C85D6} = {39367350-38FC-4A8F-B644-DE0B34BDD946}
		{E07CBCC4-0600-4A8A-9C6D-8F170899EB5E} = {30BF15F8-A523-4BEC-86A7-B6924DC03F71}
		{DEF5A5C6-EF89-4772-A516-68BF087C0F03} = {E07CBCC4-0600-4A8A-9C6D-8F170899EB5E}
		{195062BE-16F0-4CF6-9D5A-604DDE0B1B64} = {E07CBCC4-0600-4A8A-9C6D-8F170899EB5E}
		{552CE5C4-05EF-4CD5-A3FB-D766EB45831E} = {E07CBCC4-0600-4A8A-9C6D-8F170899EB5E}
		{A105166F-4745-4403-A01C-65934F573741} = {E07CBCC4-0600-4A8A-9C6D-8F170899EB5E}
		{32A4E2CC-5853-4DED-A301-853350F66570} = {DEF5A5C6-EF89-4772-A516-68BF087C0F03}
		{78D34AD0-D2D5-4DAF-B32F-A267BF9099E1} = {195062BE-16F0-4CF6-9D5A-604DDE0B1B64}
		{776189B0-DCB6-4595-8B90-0515C38A8BE3} = {552CE5C4-05EF-4CD5-A3FB-D766EB45831E}
		{2AC2EC0F-2C00-44D8-B777-8894FC953A83} = {A105166F-4745-4403-A01C-65934F573741}
	EndGlobalSection
	GlobalSection(ExtensibilityGlobals) = postSolution
		SolutionGuid = {79C3FCE7-A769-43FD-B5BE-5C96014D6BE0}
	EndGlobalSection
EndGlobal
