
Microsoft Visual Studio Solution File, Format Version 12.00
# Visual Studio Version 16
VisualStudioVersion = 16.0.30309.148
MinimumVisualStudioVersion = 10.0.40219.1
Project("{2150E333-8FDC-42A3-9474-1A3956D46DE8}") = "Microservices", "Microservices", "{30BF15F8-A523-4BEC-86A7-B6924DC03F71}"
EndProject
Project("{2150E333-8FDC-42A3-9474-1A3956D46DE8}") = "Domain", "Domain", "{953860E4-7EA0-442C-ACE0-8F0BD46ACCCC}"
EndProject
Project("{2150E333-8FDC-42A3-9474-1A3956D46DE8}") = "Infra.Bus", "Infra.Bus", "{49202227-B4C8-4248-8DD8-18D90DDDBC33}"
EndProject
Project("{2150E333-8FDC-42A3-9474-1A3956D46DE8}") = "Infra.Ioc", "Infra.Ioc", "{39367350-38FC-4A8F-B644-DE0B34BDD946}"
EndProject
Project("{2150E333-8FDC-42A3-9474-1A3956D46DE8}") = "Presentation", "Presentation", "{7BF444E7-B659-4B82-9F15-63BD75D5AFCE}"
EndProject
Project("{FAE04EC0-301F-11D3-BF4B-00C04F79EFBC}") = "MicroRabbit.Domain.Core", "MicroRabbit.Domain.Core\MicroRabbit.Domain.Core.csproj", "{37F6308C-5D2D-435A-B52B-7B00C363EA72}"
EndProject
Project("{FAE04EC0-301F-11D3-BF4B-00C04F79EFBC}") = "MicroRabbit.Infra.Bus", "MicroRabbit.Infra.Bus\MicroRabbit.Infra.Bus.csproj", "{A3251DBF-F997-4AE9-9F4D-7E340C759ADC}"
EndProject
Global
	GlobalSection(SolutionConfigurationPlatforms) = preSolution
		Debug|Any CPU = Debug|Any CPU
		Release|Any CPU = Release|Any CPU
	EndGlobalSection
	GlobalSection(ProjectConfigurationPlatforms) = postSolution
		{37F6308C-5D2D-435A-B52B-7B00C363EA72}.Debug|Any CPU.ActiveCfg = Debug|Any CPU
		{37F6308C-5D2D-435A-B52B-7B00C363EA72}.Debug|Any CPU.Build.0 = Debug|Any CPU
		{37F6308C-5D2D-435A-B52B-7B00C363EA72}.Release|Any CPU.ActiveCfg = Release|Any CPU
		{37F6308C-5D2D-435A-B52B-7B00C363EA72}.Release|Any CPU.Build.0 = Release|Any CPU
		{A3251DBF-F997-4AE9-9F4D-7E340C759ADC}.Debug|Any CPU.ActiveCfg = Debug|Any CPU
		{A3251DBF-F997-4AE9-9F4D-7E340C759ADC}.Debug|Any CPU.Build.0 = Debug|Any CPU
		{A3251DBF-F997-4AE9-9F4D-7E340C759ADC}.Release|Any CPU.ActiveCfg = Release|Any CPU
		{A3251DBF-F997-4AE9-9F4D-7E340C759ADC}.Release|Any CPU.Build.0 = Release|Any CPU
	EndGlobalSection
	GlobalSection(SolutionProperties) = preSolution
		HideSolutionNode = FALSE
	EndGlobalSection
	GlobalSection(NestedProjects) = preSolution
		{37F6308C-5D2D-435A-B52B-7B00C363EA72} = {953860E4-7EA0-442C-ACE0-8F0BD46ACCCC}
		{A3251DBF-F997-4AE9-9F4D-7E340C759ADC} = {49202227-B4C8-4248-8DD8-18D90DDDBC33}
	EndGlobalSection
	GlobalSection(ExtensibilityGlobals) = postSolution
		SolutionGuid = {79C3FCE7-A769-43FD-B5BE-5C96014D6BE0}
	EndGlobalSection
EndGlobal
